
Microsoft Visual Studio Solution File, Format Version 12.00
Project("{FAE04EC0-301F-11D3-BF4B-00C04F79EFBC}") = "osu-HD-to-SD-lib", "osu-HD-to-SD-lib\osu-HD-to-SD-lib.csproj", "{634F7E67-A0F2-4701-8EC3-67319AB79A4F}"
EndProject
Project("{FAE04EC0-301F-11D3-BF4B-00C04F79EFBC}") = "osu-HD-to-SD-cmd", "osu-HD-to-SD-cmd\osu-HD-to-SD-cmd.csproj", "{61CA44D0-A62A-4679-9085-B1F1C026BFF1}"
EndProject
Global
	GlobalSection(SolutionConfigurationPlatforms) = preSolution
		Debug|Any CPU = Debug|Any CPU
		Release|Any CPU = Release|Any CPU
	EndGlobalSection
	GlobalSection(ProjectConfigurationPlatforms) = postSolution
		{634F7E67-A0F2-4701-8EC3-67319AB79A4F}.Debug|Any CPU.ActiveCfg = Debug|Any CPU
		{634F7E67-A0F2-4701-8EC3-67319AB79A4F}.Debug|Any CPU.Build.0 = Debug|Any CPU
		{634F7E67-A0F2-4701-8EC3-67319AB79A4F}.Release|Any CPU.ActiveCfg = Release|Any CPU
		{634F7E67-A0F2-4701-8EC3-67319AB79A4F}.Release|Any CPU.Build.0 = Release|Any CPU
		{61CA44D0-A62A-4679-9085-B1F1C026BFF1}.Debug|Any CPU.ActiveCfg = Debug|Any CPU
		{61CA44D0-A62A-4679-9085-B1F1C026BFF1}.Debug|Any CPU.Build.0 = Debug|Any CPU
		{61CA44D0-A62A-4679-9085-B1F1C026BFF1}.Release|Any CPU.ActiveCfg = Release|Any CPU
		{61CA44D0-A62A-4679-9085-B1F1C026BFF1}.Release|Any CPU.Build.0 = Release|Any CPU
	EndGlobalSection
EndGlobal
